// !$*UTF8*$!
{
	archiveVersion = 1;
	classes = {
	};
	objectVersion = 50;
	objects = {

/* Begin PBXBuildFile section */
		AB036C55211B89D600CCC9D8 /* WebKit.framework in Frameworks */ = {isa = PBXBuildFile; fileRef = AB036C54211B89D600CCC9D8 /* WebKit.framework */; };
		AB980111211A37B50025AFF2 /* AppDelegate.swift in Sources */ = {isa = PBXBuildFile; fileRef = AB980110211A37B50025AFF2 /* AppDelegate.swift */; };
		AB980113211A37B50025AFF2 /* ViewController.swift in Sources */ = {isa = PBXBuildFile; fileRef = AB980112211A37B50025AFF2 /* ViewController.swift */; };
		AB980116211A37B50025AFF2 /* Main.storyboard in Resources */ = {isa = PBXBuildFile; fileRef = AB980114211A37B50025AFF2 /* Main.storyboard */; };
		AB980118211A37B70025AFF2 /* Assets.xcassets in Resources */ = {isa = PBXBuildFile; fileRef = AB980117211A37B70025AFF2 /* Assets.xcassets */; };
		AB98011B211A37B70025AFF2 /* LaunchScreen.storyboard in Resources */ = {isa = PBXBuildFile; fileRef = AB980119211A37B70025AFF2 /* LaunchScreen.storyboard */; };
		ABA1B7FC212214E7000D3CC5 /* Blockly in Resources */ = {isa = PBXBuildFile; fileRef = ABA1B7FB212214E7000D3CC5 /* Blockly */; };
/* End PBXBuildFile section */

/* Begin PBXFileReference section */
		AB036C54211B89D600CCC9D8 /* WebKit.framework */ = {isa = PBXFileReference; lastKnownFileType = wrapper.framework; name = WebKit.framework; path = System/Library/Frameworks/WebKit.framework; sourceTree = SDKROOT; };
		AB98010D211A37B50025AFF2 /* Blockly WebView.app */ = {isa = PBXFileReference; explicitFileType = wrapper.application; includeInIndex = 0; path = "Blockly WebView.app"; sourceTree = BUILT_PRODUCTS_DIR; };
		AB980110211A37B50025AFF2 /* AppDelegate.swift */ = {isa = PBXFileReference; lastKnownFileType = sourcecode.swift; path = AppDelegate.swift; sourceTree = "<group>"; };
		AB980112211A37B50025AFF2 /* ViewController.swift */ = {isa = PBXFileReference; lastKnownFileType = sourcecode.swift; path = ViewController.swift; sourceTree = "<group>"; };
		AB980115211A37B50025AFF2 /* Base */ = {isa = PBXFileReference; lastKnownFileType = file.storyboard; name = Base; path = Base.lproj/Main.storyboard; sourceTree = "<group>"; };
		AB980117211A37B70025AFF2 /* Assets.xcassets */ = {isa = PBXFileReference; lastKnownFileType = folder.assetcatalog; path = Assets.xcassets; sourceTree = "<group>"; };
		AB98011A211A37B70025AFF2 /* Base */ = {isa = PBXFileReference; lastKnownFileType = file.storyboard; name = Base; path = Base.lproj/LaunchScreen.storyboard; sourceTree = "<group>"; };
		AB98011C211A37B70025AFF2 /* Info.plist */ = {isa = PBXFileReference; lastKnownFileType = text.plist.xml; path = Info.plist; sourceTree = "<group>"; };
		ABA1B7FB212214E7000D3CC5 /* Blockly */ = {isa = PBXFileReference; lastKnownFileType = folder; name = Blockly; path = "Resources/Non-Localized/Blockly"; sourceTree = SOURCE_ROOT; };
/* End PBXFileReference section */

/* Begin PBXFrameworksBuildPhase section */
		AB98010A211A37B50025AFF2 /* Frameworks */ = {
			isa = PBXFrameworksBuildPhase;
			buildActionMask = 2147483647;
			files = (
				AB036C55211B89D600CCC9D8 /* WebKit.framework in Frameworks */,
			);
			runOnlyForDeploymentPostprocessing = 0;
		};
/* End PBXFrameworksBuildPhase section */

/* Begin PBXGroup section */
		AB036C53211B89D500CCC9D8 /* Frameworks */ = {
			isa = PBXGroup;
			children = (
				AB036C54211B89D600CCC9D8 /* WebKit.framework */,
			);
			name = Frameworks;
			sourceTree = "<group>";
		};
		AB980104211A37B50025AFF2 = {
			isa = PBXGroup;
			children = (
				AB98010F211A37B50025AFF2 /* Blockly WebView */,
				AB98010E211A37B50025AFF2 /* Products */,
				AB036C53211B89D500CCC9D8 /* Frameworks */,
			);
			sourceTree = "<group>";
		};
		AB98010E211A37B50025AFF2 /* Products */ = {
			isa = PBXGroup;
			children = (
				AB98010D211A37B50025AFF2 /* Blockly WebView.app */,
			);
			name = Products;
			sourceTree = "<group>";
		};
		AB98010F211A37B50025AFF2 /* Blockly WebView */ = {
			isa = PBXGroup;
			children = (
				ABA1B7F9212214B9000D3CC5 /* Resources */,
				AB980110211A37B50025AFF2 /* AppDelegate.swift */,
				AB980112211A37B50025AFF2 /* ViewController.swift */,
				AB980114211A37B50025AFF2 /* Main.storyboard */,
				AB980117211A37B70025AFF2 /* Assets.xcassets */,
				AB980119211A37B70025AFF2 /* LaunchScreen.storyboard */,
				AB98011C211A37B70025AFF2 /* Info.plist */,
			);
			path = "Blockly WebView";
			sourceTree = "<group>";
		};
		ABA1B7F9212214B9000D3CC5 /* Resources */ = {
			isa = PBXGroup;
			children = (
				ABA1B7FA212214C6000D3CC5 /* Non-Localized */,
			);
			path = Resources;
			sourceTree = "<group>";
		};
		ABA1B7FA212214C6000D3CC5 /* Non-Localized */ = {
			isa = PBXGroup;
			children = (
				ABA1B7FB212214E7000D3CC5 /* Blockly */,
			);
			path = "Non-Localized";
			sourceTree = "<group>";
		};
/* End PBXGroup section */

/* Begin PBXNativeTarget section */
		AB98010C211A37B50025AFF2 /* Blockly WebView */ = {
			isa = PBXNativeTarget;
			buildConfigurationList = AB98011F211A37B70025AFF2 /* Build configuration list for PBXNativeTarget "Blockly WebView" */;
			buildPhases = (
				AB980109211A37B50025AFF2 /* Sources */,
				AB98010A211A37B50025AFF2 /* Frameworks */,
				ABEDABD1212372E700A66667 /* ShellScript */,
				AB98010B211A37B50025AFF2 /* Resources */,
			);
			buildRules = (
			);
			dependencies = (
			);
			name = "Blockly WebView";
			productName = "Blockly WebView";
			productReference = AB98010D211A37B50025AFF2 /* Blockly WebView.app */;
			productType = "com.apple.product-type.application";
		};
/* End PBXNativeTarget section */

/* Begin PBXProject section */
		AB980105211A37B50025AFF2 /* Project object */ = {
			isa = PBXProject;
			attributes = {
				LastSwiftUpdateCheck = 0940;
				LastUpgradeCheck = 0940;
				ORGANIZATIONNAME = Google;
				TargetAttributes = {
					AB98010C211A37B50025AFF2 = {
						CreatedOnToolsVersion = 9.4.1;
					};
				};
			};
			buildConfigurationList = AB980108211A37B50025AFF2 /* Build configuration list for PBXProject "Blockly WebView" */;
			compatibilityVersion = "Xcode 9.3";
			developmentRegion = en;
			hasScannedForEncodings = 0;
			knownRegions = (
				en,
				Base,
			);
			mainGroup = AB980104211A37B50025AFF2;
			productRefGroup = AB98010E211A37B50025AFF2 /* Products */;
			projectDirPath = "";
			projectRoot = "";
			targets = (
				AB98010C211A37B50025AFF2 /* Blockly WebView */,
			);
		};
/* End PBXProject section */

/* Begin PBXResourcesBuildPhase section */
		AB98010B211A37B50025AFF2 /* Resources */ = {
			isa = PBXResourcesBuildPhase;
			buildActionMask = 2147483647;
			files = (
				AB98011B211A37B70025AFF2 /* LaunchScreen.storyboard in Resources */,
				AB980118211A37B70025AFF2 /* Assets.xcassets in Resources */,
				AB980116211A37B50025AFF2 /* Main.storyboard in Resources */,
				ABA1B7FC212214E7000D3CC5 /* Blockly in Resources */,
			);
			runOnlyForDeploymentPostprocessing = 0;
		};
/* End PBXResourcesBuildPhase section */

/* Begin PBXShellScriptBuildPhase section */
		ABEDABD1212372E700A66667 /* ShellScript */ = {
			isa = PBXShellScriptBuildPhase;
			buildActionMask = 2147483647;
			files = (
			);
			inputPaths = (
			);
			outputPaths = (
			);
			runOnlyForDeploymentPostprocessing = 0;
			shellPath = /bin/sh;
			shellScript = ./cp_resources.sh;
		};
/* End PBXShellScriptBuildPhase section */

/* Begin PBXSourcesBuildPhase section */
		AB980109211A37B50025AFF2 /* Sources */ = {
			isa = PBXSourcesBuildPhase;
			buildActionMask = 2147483647;
			files = (
				AB980113211A37B50025AFF2 /* ViewController.swift in Sources */,
				AB980111211A37B50025AFF2 /* AppDelegate.swift in Sources */,
			);
			runOnlyForDeploymentPostprocessing = 0;
		};
/* End PBXSourcesBuildPhase section */

/* Begin PBXVariantGroup section */
		AB980114211A37B50025AFF2 /* Main.storyboard */ = {
			isa = PBXVariantGroup;
			children = (
				AB980115211A37B50025AFF2 /* Base */,
			);
			name = Main.storyboard;
			sourceTree = "<group>";
		};
		AB980119211A37B70025AFF2 /* LaunchScreen.storyboard */ = {
			isa = PBXVariantGroup;
			children = (
				AB98011A211A37B70025AFF2 /* Base */,
			);
			name = LaunchScreen.storyboard;
			sourceTree = "<group>";
		};
/* End PBXVariantGroup section */

/* Begin XCBuildConfiguration section */
		AB98011D211A37B70025AFF2 /* Debug */ = {
			isa = XCBuildConfiguration;
			buildSettings = {
				ALWAYS_SEARCH_USER_PATHS = NO;
				CLANG_ANALYZER_NONNULL = YES;
				CLANG_ANALYZER_NUMBER_OBJECT_CONVERSION = YES_AGGRESSIVE;
				CLANG_CXX_LANGUAGE_STANDARD = "gnu++14";
				CLANG_CXX_LIBRARY = "libc++";
				CLANG_ENABLE_MODULES = YES;
				CLANG_ENABLE_OBJC_ARC = YES;
				CLANG_ENABLE_OBJC_WEAK = YES;
				CLANG_WARN_BLOCK_CAPTURE_AUTORELEASING = YES;
				CLANG_WARN_BOOL_CONVERSION = YES;
				CLANG_WARN_COMMA = YES;
				CLANG_WARN_CONSTANT_CONVERSION = YES;
				CLANG_WARN_DEPRECATED_OBJC_IMPLEMENTATIONS = YES;
				CLANG_WARN_DIRECT_OBJC_ISA_USAGE = YES_ERROR;
				CLANG_WARN_DOCUMENTATION_COMMENTS = YES;
				CLANG_WARN_EMPTY_BODY = YES;
				CLANG_WARN_ENUM_CONVERSION = YES;
				CLANG_WARN_INFINITE_RECURSION = YES;
				CLANG_WARN_INT_CONVERSION = YES;
				CLANG_WARN_NON_LITERAL_NULL_CONVERSION = YES;
				CLANG_WARN_OBJC_IMPLICIT_RETAIN_SELF = YES;
				CLANG_WARN_OBJC_LITERAL_CONVERSION = YES;
				CLANG_WARN_OBJC_ROOT_CLASS = YES_ERROR;
				CLANG_WARN_RANGE_LOOP_ANALYSIS = YES;
				CLANG_WARN_STRICT_PROTOTYPES = YES;
				CLANG_WARN_SUSPICIOUS_MOVE = YES;
				CLANG_WARN_UNGUARDED_AVAILABILITY = YES_AGGRESSIVE;
				CLANG_WARN_UNREACHABLE_CODE = YES;
				CLANG_WARN__DUPLICATE_METHOD_MATCH = YES;
				CODE_SIGN_IDENTITY = "iPhone Developer";
				COPY_PHASE_STRIP = NO;
				DEBUG_INFORMATION_FORMAT = dwarf;
				ENABLE_STRICT_OBJC_MSGSEND = YES;
				ENABLE_TESTABILITY = YES;
				GCC_C_LANGUAGE_STANDARD = gnu11;
				GCC_DYNAMIC_NO_PIC = NO;
				GCC_NO_COMMON_BLOCKS = YES;
				GCC_OPTIMIZATION_LEVEL = 0;
				GCC_PREPROCESSOR_DEFINITIONS = (
					"DEBUG=1",
					"$(inherited)",
				);
				GCC_WARN_64_TO_32_BIT_CONVERSION = YES;
				GCC_WARN_ABOUT_RETURN_TYPE = YES_ERROR;
				GCC_WARN_UNDECLARED_SELECTOR = YES;
				GCC_WARN_UNINITIALIZED_AUTOS = YES_AGGRESSIVE;
				GCC_WARN_UNUSED_FUNCTION = YES;
				GCC_WARN_UNUSED_VARIABLE = YES;
				IPHONEOS_DEPLOYMENT_TARGET = 11.4;
				MTL_ENABLE_DEBUG_INFO = YES;
				ONLY_ACTIVE_ARCH = YES;
				SDKROOT = iphoneos;
				SWIFT_ACTIVE_COMPILATION_CONDITIONS = DEBUG;
				SWIFT_OPTIMIZATION_LEVEL = "-Onone";
			};
			name = Debug;
		};
		AB98011E211A37B70025AFF2 /* Release */ = {
			isa = XCBuildConfiguration;
			buildSettings = {
				ALWAYS_SEARCH_USER_PATHS = NO;
				CLANG_ANALYZER_NONNULL = YES;
				CLANG_ANALYZER_NUMBER_OBJECT_CONVERSION = YES_AGGRESSIVE;
				CLANG_CXX_LANGUAGE_STANDARD = "gnu++14";
				CLANG_CXX_LIBRARY = "libc++";
				CLANG_ENABLE_MODULES = YES;
				CLANG_ENABLE_OBJC_ARC = YES;
				CLANG_ENABLE_OBJC_WEAK = YES;
				CLANG_WARN_BLOCK_CAPTURE_AUTORELEASING = YES;
				CLANG_WARN_BOOL_CONVERSION = YES;
				CLANG_WARN_COMMA = YES;
				CLANG_WARN_CONSTANT_CONVERSION = YES;
				CLANG_WARN_DEPRECATED_OBJC_IMPLEMENTATIONS = YES;
				CLANG_WARN_DIRECT_OBJC_ISA_USAGE = YES_ERROR;
				CLANG_WARN_DOCUMENTATION_COMMENTS = YES;
				CLANG_WARN_EMPTY_BODY = YES;
				CLANG_WARN_ENUM_CONVERSION = YES;
				CLANG_WARN_INFINITE_RECURSION = YES;
				CLANG_WARN_INT_CONVERSION = YES;
				CLANG_WARN_NON_LITERAL_NULL_CONVERSION = YES;
				CLANG_WARN_OBJC_IMPLICIT_RETAIN_SELF = YES;
				CLANG_WARN_OBJC_LITERAL_CONVERSION = YES;
				CLANG_WARN_OBJC_ROOT_CLASS = YES_ERROR;
				CLANG_WARN_RANGE_LOOP_ANALYSIS = YES;
				CLANG_WARN_STRICT_PROTOTYPES = YES;
				CLANG_WARN_SUSPICIOUS_MOVE = YES;
				CLANG_WARN_UNGUARDED_AVAILABILITY = YES_AGGRESSIVE;
				CLANG_WARN_UNREACHABLE_CODE = YES;
				CLANG_WARN__DUPLICATE_METHOD_MATCH = YES;
				CODE_SIGN_IDENTITY = "iPhone Developer";
				COPY_PHASE_STRIP = NO;
				DEBUG_INFORMATION_FORMAT = "dwarf-with-dsym";
				ENABLE_NS_ASSERTIONS = NO;
				ENABLE_STRICT_OBJC_MSGSEND = YES;
				GCC_C_LANGUAGE_STANDARD = gnu11;
				GCC_NO_COMMON_BLOCKS = YES;
				GCC_WARN_64_TO_32_BIT_CONVERSION = YES;
				GCC_WARN_ABOUT_RETURN_TYPE = YES_ERROR;
				GCC_WARN_UNDECLARED_SELECTOR = YES;
				GCC_WARN_UNINITIALIZED_AUTOS = YES_AGGRESSIVE;
				GCC_WARN_UNUSED_FUNCTION = YES;
				GCC_WARN_UNUSED_VARIABLE = YES;
				IPHONEOS_DEPLOYMENT_TARGET = 11.4;
				MTL_ENABLE_DEBUG_INFO = NO;
				SDKROOT = iphoneos;
				SWIFT_COMPILATION_MODE = wholemodule;
				SWIFT_OPTIMIZATION_LEVEL = "-O";
				VALIDATE_PRODUCT = YES;
			};
			name = Release;
		};
		AB980120211A37B70025AFF2 /* Debug */ = {
			isa = XCBuildConfiguration;
			buildSettings = {
				ASSETCATALOG_COMPILER_APPICON_NAME = AppIcon;
				CODE_SIGN_STYLE = Automatic;
				DEVELOPMENT_TEAM = 3KZF7Q7Q49;
				INFOPLIST_FILE = "Blockly WebView/Info.plist";
				IPHONEOS_DEPLOYMENT_TARGET = 11.0;
				LD_RUNPATH_SEARCH_PATHS = (
					"$(inherited)",
					"@executable_path/Frameworks",
				);
				PRODUCT_BUNDLE_IDENTIFIER = "com.google.kidscoding.Blockly-WebView";
				PRODUCT_NAME = "$(TARGET_NAME)";
				SWIFT_VERSION = 4.0;
				TARGETED_DEVICE_FAMILY = "1,2";
			};
			name = Debug;
		};
		AB980121211A37B70025AFF2 /* Release */ = {
			isa = XCBuildConfiguration;
			buildSettings = {
				ASSETCATALOG_COMPILER_APPICON_NAME = AppIcon;
				CODE_SIGN_STYLE = Automatic;
				DEVELOPMENT_TEAM = 3KZF7Q7Q49;
				INFOPLIST_FILE = "Blockly WebView/Info.plist";
				IPHONEOS_DEPLOYMENT_TARGET = 11.0;
				LD_RUNPATH_SEARCH_PATHS = (
					"$(inherited)",
					"@executable_path/Frameworks",
				);
				PRODUCT_BUNDLE_IDENTIFIER = "com.google.kidscoding.Blockly-WebView";
				PRODUCT_NAME = "$(TARGET_NAME)";
				SWIFT_VERSION = 4.0;
				TARGETED_DEVICE_FAMILY = "1,2";
			};
			name = Release;
		};
/* End XCBuildConfiguration section */

/* Begin XCConfigurationList section */
		AB980108211A37B50025AFF2 /* Build configuration list for PBXProject "Blockly WebView" */ = {
			isa = XCConfigurationList;
			buildConfigurations = (
				AB98011D211A37B70025AFF2 /* Debug */,
				AB98011E211A37B70025AFF2 /* Release */,
			);
			defaultConfigurationIsVisible = 0;
			defaultConfigurationName = Release;
		};
		AB98011F211A37B70025AFF2 /* Build configuration list for PBXNativeTarget "Blockly WebView" */ = {
			isa = XCConfigurationList;
			buildConfigurations = (
				AB980120211A37B70025AFF2 /* Debug */,
				AB980121211A37B70025AFF2 /* Release */,
			);
			defaultConfigurationIsVisible = 0;
			defaultConfigurationName = Release;
		};
/* End XCConfigurationList section */
	};
	rootObject = AB980105211A37B50025AFF2 /* Project object */;
}
